id: flabs_class_simple_formatter
label: Simple Formatter
flags: [ python ]
category: '[Factoria Labs Blocks]'

templates:
  imports: from gnuradio import flabs_class
  make: flabs_class.simple_formatter(${preamble_bit_count}, ${sync_word}, ${encode_zero}, ${encode_one}, ${pad_byte_count}, ${length_enable})

#  Make one 'parameters' list entry for every parameter you want settable from the GUI.
#     Keys include:
#     * id (makes the value accessible as keyname, e.g. in the make entry)
#     * label (label shown in the GUI)
#     * dtype (e.g. int, float, complex, byte, short, xxx_vector, ...)
#     * default
parameters:
- id: preamble_bit_count
  label: Preamble Bit Count
  dtype: int
  default: 16
- id: sync_word
  label: Sync Word
  dtype: string
  default: "2dd4"
- id: encode_zero
  label: Encoding for Zeros
  dtype: ''
  default: (0, )
- id: encode_one
  label: Encoding for Ones
  dtype: ''
  default: (1, )
- id: pad_byte_count
  label: Pad Size (bytes)
  dtype: int
  default: 2
- id: length_enable
  label: Length header
  dtype: enum
  default: '0'
  options: ['0', '1']
  option_labels: ['Disable', 'Enabled']

#  Make one 'inputs' list entry per input and one 'outputs' list entry per output.
#  Keys include:
#      * label (an identifier for the GUI)
#      * domain (optional - stream or message. Default is stream)
#      * dtype (e.g. int, float, complex, byte, short, xxx_vector, ...)
#      * vlen (optional - data stream vector length. Default is 1)
#      * optional (optional - set to 1 for optional inputs. Default is 0)
inputs:
-   domain: message
    id: in

outputs:
-   domain: message
    id: out

#  'file_format' specifies the version of the GRC yml format used in the file
#  and should usually not be changed.
file_format: 1
